
Microsoft Visual Studio Solution File, Format Version 12.00
# Visual Studio Version 16
VisualStudioVersion = 16.0.30320.27
MinimumVisualStudioVersion = 10.0.40219.1
Project("{FAE04EC0-301F-11D3-BF4B-00C04F79EFBC}") = "WebAPI", "WebAPI.csproj", "{04793F39-2D12-4871-B210-DE8C23DE099F}"
EndProject
Global
	GlobalSection(SolutionConfigurationPlatforms) = preSolution
		Debug|Any CPU = Debug|Any CPU
		Release|Any CPU = Release|Any CPU
	EndGlobalSection
	GlobalSection(ProjectConfigurationPlatforms) = postSolution
		{04793F39-2D12-4871-B210-DE8C23DE099F}.Debug|Any CPU.ActiveCfg = Debug|Any CPU
		{04793F39-2D12-4871-B210-DE8C23DE099F}.Debug|Any CPU.Build.0 = Debug|Any CPU
		{04793F39-2D12-4871-B210-DE8C23DE099F}.Release|Any CPU.ActiveCfg = Release|Any CPU
		{04793F39-2D12-4871-B210-DE8C23DE099F}.Release|Any CPU.Build.0 = Release|Any CPU
	EndGlobalSection
	GlobalSection(SolutionProperties) = preSolution
		HideSolutionNode = FALSE
	EndGlobalSection
	GlobalSection(ExtensibilityGlobals) = postSolution
		SolutionGuid = {29E4DE58-E017-4F0B-B5BA-E3C42BC41D25}
	EndGlobalSection
EndGlobal
